{
  "originHash" : "05dbd282237eff74d633121b36198ea390d5cd0f964ea459d306e9c29d57af83",
  "pins" : [
    {
      "identity" : "komponents",
      "kind" : "remoteSourceControl",
      "location" : "https://github.com/katagaki/Komponents",
      "state" : {
        "branch" : "main",
        "revision" : "e3b828fa888d16a253b2dfda68673e5a8c69391d"
      }
    }
  ],
  "version" : 3
}
