// !$*UTF8*$!
{
	archiveVersion = 1;
	classes = {
	};
	objectVersion = 77;
	objects = {

/* Begin PBXBuildFile section */
		E4B68F092D997DFB00E02B68 /* Komponents in Frameworks */ = {isa = PBXBuildFile; productRef = E4B68F082D997DFB00E02B68 /* Komponents */; };
		E4B68F0B2D997DFE00E02B68 /* Komponents in Frameworks */ = {isa = PBXBuildFile; productRef = E4B68F0A2D997DFE00E02B68 /* Komponents */; };
		E4DAA9B72D904D2400BBF630 /* Save to Album.appex in Embed Foundation Extensions */ = {isa = PBXBuildFile; fileRef = E4DAA9A92D904D2300BBF630 /* Save to Album.appex */; settings = {ATTRIBUTES = (RemoveHeadersOnCopy, ); }; };
		E4DB590E2D8E81D0009A20B2 /* Share with Bromides.appex in Embed Foundation Extensions */ = {isa = PBXBuildFile; fileRef = E4DB59042D8E81D0009A20B2 /* Share with Bromides.appex */; settings = {ATTRIBUTES = (RemoveHeadersOnCopy, ); }; };
		E4DB59592D8FE629009A20B2 /* Komponents in Frameworks */ = {isa = PBXBuildFile; productRef = E4DB59582D8FE629009A20B2 /* Komponents */; };
		E4FDF1AB2DE2A32B008BF313 /* UniformTypeIdentifiers.framework in Frameworks */ = {isa = PBXBuildFile; fileRef = E4FDF1AA2DE2A32B008BF313 /* UniformTypeIdentifiers.framework */; };
/* End PBXBuildFile section */

/* Begin PBXContainerItemProxy section */
		E4DAA9B52D904D2400BBF630 /* PBXContainerItemProxy */ = {
			isa = PBXContainerItemProxy;
			containerPortal = E4DB58CE2D8E8146009A20B2 /* Project object */;
			proxyType = 1;
			remoteGlobalIDString = E4DAA9A82D904D2300BBF630;
			remoteInfo = "Save to Album";
		};
		E4DB590C2D8E81D0009A20B2 /* PBXContainerItemProxy */ = {
			isa = PBXContainerItemProxy;
			containerPortal = E4DB58CE2D8E8146009A20B2 /* Project object */;
			proxyType = 1;
			remoteGlobalIDString = E4DB59032D8E81D0009A20B2;
			remoteInfo = "Save to Album";
		};
/* End PBXContainerItemProxy section */

/* Begin PBXCopyFilesBuildPhase section */
		E4DB59132D8E81D0009A20B2 /* Embed Foundation Extensions */ = {
			isa = PBXCopyFilesBuildPhase;
			buildActionMask = 2147483647;
			dstPath = "";
			dstSubfolderSpec = 13;
			files = (
				E4DAA9B72D904D2400BBF630 /* Save to Album.appex in Embed Foundation Extensions */,
				E4DB590E2D8E81D0009A20B2 /* Share with Bromides.appex in Embed Foundation Extensions */,
			);
			name = "Embed Foundation Extensions";
			runOnlyForDeploymentPostprocessing = 0;
		};
/* End PBXCopyFilesBuildPhase section */

/* Begin PBXFileReference section */
		E4DAA9A92D904D2300BBF630 /* Save to Album.appex */ = {isa = PBXFileReference; explicitFileType = "wrapper.app-extension"; includeInIndex = 0; path = "Save to Album.appex"; sourceTree = BUILT_PRODUCTS_DIR; };
		E4DB58D62D8E8146009A20B2 /* Bromides.app */ = {isa = PBXFileReference; explicitFileType = wrapper.application; includeInIndex = 0; path = Bromides.app; sourceTree = BUILT_PRODUCTS_DIR; };
		E4DB59042D8E81D0009A20B2 /* Share with Bromides.appex */ = {isa = PBXFileReference; explicitFileType = "wrapper.app-extension"; includeInIndex = 0; path = "Share with Bromides.appex"; sourceTree = BUILT_PRODUCTS_DIR; };
		E4FDF1AA2DE2A32B008BF313 /* UniformTypeIdentifiers.framework */ = {isa = PBXFileReference; lastKnownFileType = wrapper.framework; name = UniformTypeIdentifiers.framework; path = Platforms/MacOSX.platform/Developer/SDKs/MacOSX15.4.sdk/System/Library/Frameworks/UniformTypeIdentifiers.framework; sourceTree = DEVELOPER_DIR; };
/* End PBXFileReference section */

/* Begin PBXFileSystemSynchronizedBuildFileExceptionSet section */
		E4DB594E2D8FD4EA009A20B2 /* Exceptions for "App" folder in "Share with Bromides" target */ = {
			isa = PBXFileSystemSynchronizedBuildFileExceptionSet;
			membershipExceptions = (
				InfoPlist.xcstrings,
			);
			target = E4DB59032D8E81D0009A20B2 /* Share with Bromides */;
		};
		E4FDF1642DE2A0F1008BF313 /* Exceptions for "App" folder in "Bromides" target */ = {
			isa = PBXFileSystemSynchronizedBuildFileExceptionSet;
			membershipExceptions = (
				Info.plist,
			);
			target = E4DB58D52D8E8146009A20B2 /* Bromides */;
		};
		E4FF3BF52DA22D2B00EB68DF /* Exceptions for "Extension" folder in "Share with Bromides" target */ = {
			isa = PBXFileSystemSynchronizedBuildFileExceptionSet;
			membershipExceptions = (
				"Info-SaveToAlbum.plist",
				"Info-ShareWithBromides.plist",
				InfoPlist.xcstrings,
			);
			target = E4DB59032D8E81D0009A20B2 /* Share with Bromides */;
		};
		E4FF3BF62DA22D2D00EB68DF /* Exceptions for "Extension" folder in "Save to Album" target */ = {
			isa = PBXFileSystemSynchronizedBuildFileExceptionSet;
			membershipExceptions = (
				"Info-SaveToAlbum.plist",
				"Info-ShareWithBromides.plist",
			);
			target = E4DAA9A82D904D2300BBF630 /* Save to Album */;
		};
/* End PBXFileSystemSynchronizedBuildFileExceptionSet section */

/* Begin PBXFileSystemSynchronizedRootGroup section */
		E4DB58D82D8E8146009A20B2 /* App */ = {
			isa = PBXFileSystemSynchronizedRootGroup;
			exceptions = (
				E4FDF1642DE2A0F1008BF313 /* Exceptions for "App" folder in "Bromides" target */,
				E4DB594E2D8FD4EA009A20B2 /* Exceptions for "App" folder in "Share with Bromides" target */,
			);
			path = App;
			sourceTree = "<group>";
		};
		E4DB59B12D8FE88D009A20B2 /* Shared */ = {
			isa = PBXFileSystemSynchronizedRootGroup;
			path = Shared;
			sourceTree = "<group>";
		};
		E4FF3BE72DA22BBD00EB68DF /* Extension */ = {
			isa = PBXFileSystemSynchronizedRootGroup;
			exceptions = (
				E4FF3BF52DA22D2B00EB68DF /* Exceptions for "Extension" folder in "Share with Bromides" target */,
				E4FF3BF62DA22D2D00EB68DF /* Exceptions for "Extension" folder in "Save to Album" target */,
			);
			path = Extension;
			sourceTree = "<group>";
		};
/* End PBXFileSystemSynchronizedRootGroup section */

/* Begin PBXFrameworksBuildPhase section */
		E4DAA9A62D904D2300BBF630 /* Frameworks */ = {
			isa = PBXFrameworksBuildPhase;
			buildActionMask = 2147483647;
			files = (
				E4FDF1AB2DE2A32B008BF313 /* UniformTypeIdentifiers.framework in Frameworks */,
				E4B68F0B2D997DFE00E02B68 /* Komponents in Frameworks */,
			);
			runOnlyForDeploymentPostprocessing = 0;
		};
		E4DB58D32D8E8146009A20B2 /* Frameworks */ = {
			isa = PBXFrameworksBuildPhase;
			buildActionMask = 2147483647;
			files = (
				E4DB59592D8FE629009A20B2 /* Komponents in Frameworks */,
			);
			runOnlyForDeploymentPostprocessing = 0;
		};
		E4DB59012D8E81D0009A20B2 /* Frameworks */ = {
			isa = PBXFrameworksBuildPhase;
			buildActionMask = 2147483647;
			files = (
				E4B68F092D997DFB00E02B68 /* Komponents in Frameworks */,
			);
			runOnlyForDeploymentPostprocessing = 0;
		};
/* End PBXFrameworksBuildPhase section */

/* Begin PBXGroup section */
		E4DB58CD2D8E8146009A20B2 = {
			isa = PBXGroup;
			children = (
				E4DB59B12D8FE88D009A20B2 /* Shared */,
				E4DB58D82D8E8146009A20B2 /* App */,
				E4FF3BE72DA22BBD00EB68DF /* Extension */,
				E4FDF1A92DE2A32B008BF313 /* Frameworks */,
				E4DB58D72D8E8146009A20B2 /* Products */,
			);
			sourceTree = "<group>";
		};
		E4DB58D72D8E8146009A20B2 /* Products */ = {
			isa = PBXGroup;
			children = (
				E4DB58D62D8E8146009A20B2 /* Bromides.app */,
				E4DB59042D8E81D0009A20B2 /* Share with Bromides.appex */,
				E4DAA9A92D904D2300BBF630 /* Save to Album.appex */,
			);
			name = Products;
			sourceTree = "<group>";
		};
		E4FDF1A92DE2A32B008BF313 /* Frameworks */ = {
			isa = PBXGroup;
			children = (
				E4FDF1AA2DE2A32B008BF313 /* UniformTypeIdentifiers.framework */,
			);
			name = Frameworks;
			sourceTree = "<group>";
		};
/* End PBXGroup section */

/* Begin PBXNativeTarget section */
		E4DAA9A82D904D2300BBF630 /* Save to Album */ = {
			isa = PBXNativeTarget;
			buildConfigurationList = E4DAA9B82D904D2400BBF630 /* Build configuration list for PBXNativeTarget "Save to Album" */;
			buildPhases = (
				E4DAA9A52D904D2300BBF630 /* Sources */,
				E4DAA9A62D904D2300BBF630 /* Frameworks */,
				E4DAA9A72D904D2300BBF630 /* Resources */,
			);
			buildRules = (
			);
			dependencies = (
			);
			fileSystemSynchronizedGroups = (
				E4DB59B12D8FE88D009A20B2 /* Shared */,
				E4FF3BE72DA22BBD00EB68DF /* Extension */,
			);
			name = "Save to Album";
			packageProductDependencies = (
				E4B68F0A2D997DFE00E02B68 /* Komponents */,
			);
			productName = "Save to Album";
			productReference = E4DAA9A92D904D2300BBF630 /* Save to Album.appex */;
			productType = "com.apple.product-type.app-extension";
		};
		E4DB58D52D8E8146009A20B2 /* Bromides */ = {
			isa = PBXNativeTarget;
			buildConfigurationList = E4DB58E42D8E8148009A20B2 /* Build configuration list for PBXNativeTarget "Bromides" */;
			buildPhases = (
				E4DB58D22D8E8146009A20B2 /* Sources */,
				E4DB58D32D8E8146009A20B2 /* Frameworks */,
				E4DB58D42D8E8146009A20B2 /* Resources */,
				E4DB59132D8E81D0009A20B2 /* Embed Foundation Extensions */,
				E4DB59562D8FDEAF009A20B2 /* ShellScript */,
			);
			buildRules = (
			);
			dependencies = (
				E4DB590D2D8E81D0009A20B2 /* PBXTargetDependency */,
				E4DAA9B62D904D2400BBF630 /* PBXTargetDependency */,
			);
			fileSystemSynchronizedGroups = (
				E4DB58D82D8E8146009A20B2 /* App */,
				E4DB59B12D8FE88D009A20B2 /* Shared */,
			);
			name = Bromides;
			packageProductDependencies = (
				E4DB59582D8FE629009A20B2 /* Komponents */,
			);
			productName = Bromides;
			productReference = E4DB58D62D8E8146009A20B2 /* Bromides.app */;
			productType = "com.apple.product-type.application";
		};
		E4DB59032D8E81D0009A20B2 /* Share with Bromides */ = {
			isa = PBXNativeTarget;
			buildConfigurationList = E4DB59102D8E81D0009A20B2 /* Build configuration list for PBXNativeTarget "Share with Bromides" */;
			buildPhases = (
				E4DB59002D8E81D0009A20B2 /* Sources */,
				E4DB59012D8E81D0009A20B2 /* Frameworks */,
				E4DB59022D8E81D0009A20B2 /* Resources */,
			);
			buildRules = (
			);
			dependencies = (
			);
			fileSystemSynchronizedGroups = (
				E4DB59B12D8FE88D009A20B2 /* Shared */,
				E4FF3BE72DA22BBD00EB68DF /* Extension */,
			);
			name = "Share with Bromides";
			packageProductDependencies = (
				E4B68F082D997DFB00E02B68 /* Komponents */,
			);
			productName = "Save to Album";
			productReference = E4DB59042D8E81D0009A20B2 /* Share with Bromides.appex */;
			productType = "com.apple.product-type.app-extension";
		};
/* End PBXNativeTarget section */

/* Begin PBXProject section */
		E4DB58CE2D8E8146009A20B2 /* Project object */ = {
			isa = PBXProject;
			attributes = {
				BuildIndependentTargetsInParallel = 1;
				LastSwiftUpdateCheck = 1620;
				LastUpgradeCheck = 1630;
				TargetAttributes = {
					E4DAA9A82D904D2300BBF630 = {
						CreatedOnToolsVersion = 16.2;
					};
					E4DB58D52D8E8146009A20B2 = {
						CreatedOnToolsVersion = 16.2;
					};
					E4DB59032D8E81D0009A20B2 = {
						CreatedOnToolsVersion = 16.2;
					};
				};
			};
			buildConfigurationList = E4DB58D12D8E8146009A20B2 /* Build configuration list for PBXProject "Bromides" */;
			developmentRegion = en;
			hasScannedForEncodings = 0;
			knownRegions = (
				en,
				ja,
				Base,
			);
			mainGroup = E4DB58CD2D8E8146009A20B2;
			minimizedProjectReferenceProxies = 1;
			packageReferences = (
				E4DB59572D8FE5FB009A20B2 /* XCRemoteSwiftPackageReference "Komponents" */,
			);
			preferredProjectObjectVersion = 77;
			productRefGroup = E4DB58D72D8E8146009A20B2 /* Products */;
			projectDirPath = "";
			projectRoot = "";
			targets = (
				E4DB58D52D8E8146009A20B2 /* Bromides */,
				E4DB59032D8E81D0009A20B2 /* Share with Bromides */,
				E4DAA9A82D904D2300BBF630 /* Save to Album */,
			);
		};
/* End PBXProject section */

/* Begin PBXResourcesBuildPhase section */
		E4DAA9A72D904D2300BBF630 /* Resources */ = {
			isa = PBXResourcesBuildPhase;
			buildActionMask = 2147483647;
			files = (
			);
			runOnlyForDeploymentPostprocessing = 0;
		};
		E4DB58D42D8E8146009A20B2 /* Resources */ = {
			isa = PBXResourcesBuildPhase;
			buildActionMask = 2147483647;
			files = (
			);
			runOnlyForDeploymentPostprocessing = 0;
		};
		E4DB59022D8E81D0009A20B2 /* Resources */ = {
			isa = PBXResourcesBuildPhase;
			buildActionMask = 2147483647;
			files = (
			);
			runOnlyForDeploymentPostprocessing = 0;
		};
/* End PBXResourcesBuildPhase section */

/* Begin PBXShellScriptBuildPhase section */
		E4DB59562D8FDEAF009A20B2 /* ShellScript */ = {
			isa = PBXShellScriptBuildPhase;
			alwaysOutOfDate = 1;
			buildActionMask = 2147483647;
			files = (
			);
			inputFileListPaths = (
			);
			inputPaths = (
			);
			outputFileListPaths = (
			);
			outputPaths = (
			);
			runOnlyForDeploymentPostprocessing = 0;
			shellPath = /bin/sh;
			shellScript = "export PATH=\"$PATH:/opt/homebrew/bin\"\nif which swiftlint > /dev/null; then\n  swiftlint\nelse\n  echo \"warning: SwiftLint not installed, download from https://github.com/realm/SwiftLint\"\nfi\n";
		};
/* End PBXShellScriptBuildPhase section */

/* Begin PBXSourcesBuildPhase section */
		E4DAA9A52D904D2300BBF630 /* Sources */ = {
			isa = PBXSourcesBuildPhase;
			buildActionMask = 2147483647;
			files = (
			);
			runOnlyForDeploymentPostprocessing = 0;
		};
		E4DB58D22D8E8146009A20B2 /* Sources */ = {
			isa = PBXSourcesBuildPhase;
			buildActionMask = 2147483647;
			files = (
			);
			runOnlyForDeploymentPostprocessing = 0;
		};
		E4DB59002D8E81D0009A20B2 /* Sources */ = {
			isa = PBXSourcesBuildPhase;
			buildActionMask = 2147483647;
			files = (
			);
			runOnlyForDeploymentPostprocessing = 0;
		};
/* End PBXSourcesBuildPhase section */

/* Begin PBXTargetDependency section */
		E4DAA9B62D904D2400BBF630 /* PBXTargetDependency */ = {
			isa = PBXTargetDependency;
			target = E4DAA9A82D904D2300BBF630 /* Save to Album */;
			targetProxy = E4DAA9B52D904D2400BBF630 /* PBXContainerItemProxy */;
		};
		E4DB590D2D8E81D0009A20B2 /* PBXTargetDependency */ = {
			isa = PBXTargetDependency;
			target = E4DB59032D8E81D0009A20B2 /* Share with Bromides */;
			targetProxy = E4DB590C2D8E81D0009A20B2 /* PBXContainerItemProxy */;
		};
/* End PBXTargetDependency section */

/* Begin XCBuildConfiguration section */
		E4DAA9B92D904D2400BBF630 /* Debug */ = {
			isa = XCBuildConfiguration;
			buildSettings = {
				ASSETCATALOG_COMPILER_APPICON_NAME = ActionExtensionIcon;
				CODE_SIGN_ENTITLEMENTS = Shared/Entitlements.entitlements;
				CODE_SIGN_STYLE = Automatic;
				CURRENT_PROJECT_VERSION = 1;
				GENERATE_INFOPLIST_FILE = YES;
				INFOPLIST_FILE = "Extension/Info-SaveToAlbum.plist";
				INFOPLIST_KEY_CFBundleDisplayName = "Save to Album";
				INFOPLIST_KEY_NSHumanReadableCopyright = "";
				IPHONEOS_DEPLOYMENT_TARGET = 18.0;
				LD_RUNPATH_SEARCH_PATHS = (
					"$(inherited)",
					"@executable_path/Frameworks",
					"@executable_path/../../Frameworks",
				);
				MACOSX_DEPLOYMENT_TARGET = 15.0;
				MARKETING_VERSION = 1.3.1;
				PRODUCT_BUNDLE_IDENTIFIER = "com.tsubuzaki.Bromides.Save-to-Album";
				PRODUCT_NAME = "$(TARGET_NAME)";
				REGISTER_APP_GROUPS = YES;
				SKIP_INSTALL = YES;
				SUPPORTED_PLATFORMS = "iphoneos iphonesimulator";
				SUPPORTS_MACCATALYST = YES;
				SUPPORTS_MAC_DESIGNED_FOR_IPHONE_IPAD = NO;
				SWIFT_EMIT_LOC_STRINGS = YES;
				SWIFT_VERSION = 6.0;
				TARGETED_DEVICE_FAMILY = "1,2";
			};
			name = Debug;
		};
		E4DAA9BA2D904D2400BBF630 /* Release */ = {
			isa = XCBuildConfiguration;
			buildSettings = {
				ASSETCATALOG_COMPILER_APPICON_NAME = ActionExtensionIcon;
				CODE_SIGN_ENTITLEMENTS = Shared/Entitlements.entitlements;
				CODE_SIGN_STYLE = Automatic;
				CURRENT_PROJECT_VERSION = 1;
				GENERATE_INFOPLIST_FILE = YES;
				INFOPLIST_FILE = "Extension/Info-SaveToAlbum.plist";
				INFOPLIST_KEY_CFBundleDisplayName = "Save to Album";
				INFOPLIST_KEY_NSHumanReadableCopyright = "";
				IPHONEOS_DEPLOYMENT_TARGET = 18.0;
				LD_RUNPATH_SEARCH_PATHS = (
					"$(inherited)",
					"@executable_path/Frameworks",
					"@executable_path/../../Frameworks",
				);
				MACOSX_DEPLOYMENT_TARGET = 15.0;
				MARKETING_VERSION = 1.3.1;
				PRODUCT_BUNDLE_IDENTIFIER = "com.tsubuzaki.Bromides.Save-to-Album";
				PRODUCT_NAME = "$(TARGET_NAME)";
				REGISTER_APP_GROUPS = YES;
				SKIP_INSTALL = YES;
				SUPPORTED_PLATFORMS = "iphoneos iphonesimulator";
				SUPPORTS_MACCATALYST = YES;
				SUPPORTS_MAC_DESIGNED_FOR_IPHONE_IPAD = NO;
				SWIFT_EMIT_LOC_STRINGS = YES;
				SWIFT_VERSION = 6.0;
				TARGETED_DEVICE_FAMILY = "1,2";
			};
			name = Release;
		};
		E4DB58E22D8E8148009A20B2 /* Debug */ = {
			isa = XCBuildConfiguration;
			buildSettings = {
				ALWAYS_SEARCH_USER_PATHS = NO;
				ASSETCATALOG_COMPILER_GENERATE_SWIFT_ASSET_SYMBOL_EXTENSIONS = YES;
				CLANG_ANALYZER_LOCALIZABILITY_NONLOCALIZED = YES;
				CLANG_ANALYZER_NONNULL = YES;
				CLANG_ANALYZER_NUMBER_OBJECT_CONVERSION = YES_AGGRESSIVE;
				CLANG_CXX_LANGUAGE_STANDARD = "gnu++20";
				CLANG_ENABLE_MODULES = YES;
				CLANG_ENABLE_OBJC_ARC = YES;
				CLANG_ENABLE_OBJC_WEAK = YES;
				CLANG_WARN_BLOCK_CAPTURE_AUTORELEASING = YES;
				CLANG_WARN_BOOL_CONVERSION = YES;
				CLANG_WARN_COMMA = YES;
				CLANG_WARN_CONSTANT_CONVERSION = YES;
				CLANG_WARN_DEPRECATED_OBJC_IMPLEMENTATIONS = YES;
				CLANG_WARN_DIRECT_OBJC_ISA_USAGE = YES_ERROR;
				CLANG_WARN_DOCUMENTATION_COMMENTS = YES;
				CLANG_WARN_EMPTY_BODY = YES;
				CLANG_WARN_ENUM_CONVERSION = YES;
				CLANG_WARN_INFINITE_RECURSION = YES;
				CLANG_WARN_INT_CONVERSION = YES;
				CLANG_WARN_NON_LITERAL_NULL_CONVERSION = YES;
				CLANG_WARN_OBJC_IMPLICIT_RETAIN_SELF = YES;
				CLANG_WARN_OBJC_LITERAL_CONVERSION = YES;
				CLANG_WARN_OBJC_ROOT_CLASS = YES_ERROR;
				CLANG_WARN_QUOTED_INCLUDE_IN_FRAMEWORK_HEADER = YES;
				CLANG_WARN_RANGE_LOOP_ANALYSIS = YES;
				CLANG_WARN_STRICT_PROTOTYPES = YES;
				CLANG_WARN_SUSPICIOUS_MOVE = YES;
				CLANG_WARN_UNGUARDED_AVAILABILITY = YES_AGGRESSIVE;
				CLANG_WARN_UNREACHABLE_CODE = YES;
				CLANG_WARN__DUPLICATE_METHOD_MATCH = YES;
				COPY_PHASE_STRIP = NO;
				DEBUG_INFORMATION_FORMAT = dwarf;
				DEVELOPMENT_TEAM = YYM4Z6MU8F;
				ENABLE_STRICT_OBJC_MSGSEND = YES;
				ENABLE_TESTABILITY = YES;
				ENABLE_USER_SCRIPT_SANDBOXING = YES;
				GCC_C_LANGUAGE_STANDARD = gnu17;
				GCC_DYNAMIC_NO_PIC = NO;
				GCC_NO_COMMON_BLOCKS = YES;
				GCC_OPTIMIZATION_LEVEL = 0;
				GCC_PREPROCESSOR_DEFINITIONS = (
					"DEBUG=1",
					"$(inherited)",
				);
				GCC_WARN_64_TO_32_BIT_CONVERSION = YES;
				GCC_WARN_ABOUT_RETURN_TYPE = YES_ERROR;
				GCC_WARN_UNDECLARED_SELECTOR = YES;
				GCC_WARN_UNINITIALIZED_AUTOS = YES_AGGRESSIVE;
				GCC_WARN_UNUSED_FUNCTION = YES;
				GCC_WARN_UNUSED_VARIABLE = YES;
				IPHONEOS_DEPLOYMENT_TARGET = 18.0;
				LOCALIZATION_PREFERS_STRING_CATALOGS = YES;
				MACOSX_DEPLOYMENT_TARGET = 15.0;
				MTL_ENABLE_DEBUG_INFO = INCLUDE_SOURCE;
				MTL_FAST_MATH = YES;
				ONLY_ACTIVE_ARCH = YES;
				SDKROOT = iphoneos;
				SWIFT_ACTIVE_COMPILATION_CONDITIONS = "DEBUG $(inherited)";
				SWIFT_EMIT_LOC_STRINGS = YES;
				SWIFT_OPTIMIZATION_LEVEL = "-Onone";
			};
			name = Debug;
		};
		E4DB58E32D8E8148009A20B2 /* Release */ = {
			isa = XCBuildConfiguration;
			buildSettings = {
				ALWAYS_SEARCH_USER_PATHS = NO;
				ASSETCATALOG_COMPILER_GENERATE_SWIFT_ASSET_SYMBOL_EXTENSIONS = YES;
				CLANG_ANALYZER_LOCALIZABILITY_NONLOCALIZED = YES;
				CLANG_ANALYZER_NONNULL = YES;
				CLANG_ANALYZER_NUMBER_OBJECT_CONVERSION = YES_AGGRESSIVE;
				CLANG_CXX_LANGUAGE_STANDARD = "gnu++20";
				CLANG_ENABLE_MODULES = YES;
				CLANG_ENABLE_OBJC_ARC = YES;
				CLANG_ENABLE_OBJC_WEAK = YES;
				CLANG_WARN_BLOCK_CAPTURE_AUTORELEASING = YES;
				CLANG_WARN_BOOL_CONVERSION = YES;
				CLANG_WARN_COMMA = YES;
				CLANG_WARN_CONSTANT_CONVERSION = YES;
				CLANG_WARN_DEPRECATED_OBJC_IMPLEMENTATIONS = YES;
				CLANG_WARN_DIRECT_OBJC_ISA_USAGE = YES_ERROR;
				CLANG_WARN_DOCUMENTATION_COMMENTS = YES;
				CLANG_WARN_EMPTY_BODY = YES;
				CLANG_WARN_ENUM_CONVERSION = YES;
				CLANG_WARN_INFINITE_RECURSION = YES;
				CLANG_WARN_INT_CONVERSION = YES;
				CLANG_WARN_NON_LITERAL_NULL_CONVERSION = YES;
				CLANG_WARN_OBJC_IMPLICIT_RETAIN_SELF = YES;
				CLANG_WARN_OBJC_LITERAL_CONVERSION = YES;
				CLANG_WARN_OBJC_ROOT_CLASS = YES_ERROR;
				CLANG_WARN_QUOTED_INCLUDE_IN_FRAMEWORK_HEADER = YES;
				CLANG_WARN_RANGE_LOOP_ANALYSIS = YES;
				CLANG_WARN_STRICT_PROTOTYPES = YES;
				CLANG_WARN_SUSPICIOUS_MOVE = YES;
				CLANG_WARN_UNGUARDED_AVAILABILITY = YES_AGGRESSIVE;
				CLANG_WARN_UNREACHABLE_CODE = YES;
				CLANG_WARN__DUPLICATE_METHOD_MATCH = YES;
				COPY_PHASE_STRIP = NO;
				DEBUG_INFORMATION_FORMAT = "dwarf-with-dsym";
				DEVELOPMENT_TEAM = YYM4Z6MU8F;
				ENABLE_NS_ASSERTIONS = NO;
				ENABLE_STRICT_OBJC_MSGSEND = YES;
				ENABLE_USER_SCRIPT_SANDBOXING = YES;
				GCC_C_LANGUAGE_STANDARD = gnu17;
				GCC_NO_COMMON_BLOCKS = YES;
				GCC_WARN_64_TO_32_BIT_CONVERSION = YES;
				GCC_WARN_ABOUT_RETURN_TYPE = YES_ERROR;
				GCC_WARN_UNDECLARED_SELECTOR = YES;
				GCC_WARN_UNINITIALIZED_AUTOS = YES_AGGRESSIVE;
				GCC_WARN_UNUSED_FUNCTION = YES;
				GCC_WARN_UNUSED_VARIABLE = YES;
				IPHONEOS_DEPLOYMENT_TARGET = 18.0;
				LOCALIZATION_PREFERS_STRING_CATALOGS = YES;
				MACOSX_DEPLOYMENT_TARGET = 15.0;
				MTL_ENABLE_DEBUG_INFO = NO;
				MTL_FAST_MATH = YES;
				SDKROOT = iphoneos;
				SWIFT_COMPILATION_MODE = wholemodule;
				SWIFT_EMIT_LOC_STRINGS = YES;
				VALIDATE_PRODUCT = YES;
			};
			name = Release;
		};
		E4DB58E52D8E8148009A20B2 /* Debug */ = {
			isa = XCBuildConfiguration;
			buildSettings = {
				ASSETCATALOG_COMPILER_APPICON_NAME = AppIcon;
				ASSETCATALOG_COMPILER_GLOBAL_ACCENT_COLOR_NAME = AccentColor;
				CODE_SIGN_ENTITLEMENTS = Shared/Entitlements.entitlements;
				CODE_SIGN_STYLE = Automatic;
				CURRENT_PROJECT_VERSION = 1;
				ENABLE_HARDENED_RUNTIME = YES;
				ENABLE_PREVIEWS = YES;
				ENABLE_USER_SCRIPT_SANDBOXING = NO;
				GENERATE_INFOPLIST_FILE = YES;
				INFOPLIST_FILE = App/Info.plist;
				INFOPLIST_KEY_ITSAppUsesNonExemptEncryption = NO;
				INFOPLIST_KEY_LSApplicationCategoryType = "public.app-category.utilities";
				INFOPLIST_KEY_NSPhotoLibraryUsageDescription = "Bromides uses your Photos library to show you your albums and save your photos.";
				INFOPLIST_KEY_UIApplicationSupportsIndirectInputEvents = YES;
				INFOPLIST_KEY_UILaunchScreen_Generation = YES;
				INFOPLIST_KEY_UISupportedInterfaceOrientations = "UIInterfaceOrientationLandscapeLeft UIInterfaceOrientationLandscapeRight UIInterfaceOrientationPortrait";
				INFOPLIST_KEY_UISupportedInterfaceOrientations_iPad = "UIInterfaceOrientationLandscapeLeft UIInterfaceOrientationLandscapeRight UIInterfaceOrientationPortrait UIInterfaceOrientationPortraitUpsideDown";
				IPHONEOS_DEPLOYMENT_TARGET = 18.0;
				LD_RUNPATH_SEARCH_PATHS = (
					"$(inherited)",
					"@executable_path/Frameworks",
				);
				MARKETING_VERSION = 1.3.1;
				PRODUCT_BUNDLE_IDENTIFIER = com.tsubuzaki.Bromides;
				PRODUCT_NAME = "$(TARGET_NAME)";
				REGISTER_APP_GROUPS = YES;
				SUPPORTED_PLATFORMS = "iphoneos iphonesimulator";
				SUPPORTS_MACCATALYST = YES;
				SUPPORTS_MAC_DESIGNED_FOR_IPHONE_IPAD = NO;
				SWIFT_EMIT_LOC_STRINGS = YES;
				SWIFT_VERSION = 6.0;
				TARGETED_DEVICE_FAMILY = "1,2,6";
			};
			name = Debug;
		};
		E4DB58E62D8E8148009A20B2 /* Release */ = {
			isa = XCBuildConfiguration;
			buildSettings = {
				ASSETCATALOG_COMPILER_APPICON_NAME = AppIcon;
				ASSETCATALOG_COMPILER_GLOBAL_ACCENT_COLOR_NAME = AccentColor;
				CODE_SIGN_ENTITLEMENTS = Shared/Entitlements.entitlements;
				CODE_SIGN_STYLE = Automatic;
				CURRENT_PROJECT_VERSION = 1;
				ENABLE_HARDENED_RUNTIME = YES;
				ENABLE_PREVIEWS = YES;
				ENABLE_USER_SCRIPT_SANDBOXING = NO;
				GENERATE_INFOPLIST_FILE = YES;
				INFOPLIST_FILE = App/Info.plist;
				INFOPLIST_KEY_ITSAppUsesNonExemptEncryption = NO;
				INFOPLIST_KEY_LSApplicationCategoryType = "public.app-category.utilities";
				INFOPLIST_KEY_NSPhotoLibraryUsageDescription = "Bromides uses your Photos library to show you your albums and save your photos.";
				INFOPLIST_KEY_UIApplicationSupportsIndirectInputEvents = YES;
				INFOPLIST_KEY_UILaunchScreen_Generation = YES;
				INFOPLIST_KEY_UISupportedInterfaceOrientations = "UIInterfaceOrientationLandscapeLeft UIInterfaceOrientationLandscapeRight UIInterfaceOrientationPortrait";
				INFOPLIST_KEY_UISupportedInterfaceOrientations_iPad = "UIInterfaceOrientationLandscapeLeft UIInterfaceOrientationLandscapeRight UIInterfaceOrientationPortrait UIInterfaceOrientationPortraitUpsideDown";
				IPHONEOS_DEPLOYMENT_TARGET = 18.0;
				LD_RUNPATH_SEARCH_PATHS = (
					"$(inherited)",
					"@executable_path/Frameworks",
				);
				MARKETING_VERSION = 1.3.1;
				PRODUCT_BUNDLE_IDENTIFIER = com.tsubuzaki.Bromides;
				PRODUCT_NAME = "$(TARGET_NAME)";
				REGISTER_APP_GROUPS = YES;
				SUPPORTED_PLATFORMS = "iphoneos iphonesimulator";
				SUPPORTS_MACCATALYST = YES;
				SUPPORTS_MAC_DESIGNED_FOR_IPHONE_IPAD = NO;
				SWIFT_EMIT_LOC_STRINGS = YES;
				SWIFT_VERSION = 6.0;
				TARGETED_DEVICE_FAMILY = "1,2,6";
			};
			name = Release;
		};
		E4DB59112D8E81D0009A20B2 /* Debug */ = {
			isa = XCBuildConfiguration;
			buildSettings = {
				CODE_SIGN_ENTITLEMENTS = Shared/Entitlements.entitlements;
				CODE_SIGN_STYLE = Automatic;
				CURRENT_PROJECT_VERSION = 1;
				GENERATE_INFOPLIST_FILE = YES;
				INFOPLIST_FILE = "Extension/Info-ShareWithBromides.plist";
				INFOPLIST_KEY_CFBundleDisplayName = "Share with Bromides";
				IPHONEOS_DEPLOYMENT_TARGET = 18.0;
				LD_RUNPATH_SEARCH_PATHS = (
					"$(inherited)",
					"@executable_path/Frameworks",
					"@executable_path/../../Frameworks",
				);
				MACOSX_DEPLOYMENT_TARGET = 15.0;
				MARKETING_VERSION = 1.3.1;
				PRODUCT_BUNDLE_IDENTIFIER = "com.tsubuzaki.Bromides.Share-with-Bromides";
				PRODUCT_NAME = "$(TARGET_NAME)";
				REGISTER_APP_GROUPS = YES;
				SKIP_INSTALL = YES;
				SUPPORTED_PLATFORMS = "iphoneos iphonesimulator";
				SUPPORTS_MACCATALYST = YES;
				SUPPORTS_MAC_DESIGNED_FOR_IPHONE_IPAD = NO;
				SWIFT_EMIT_LOC_STRINGS = YES;
				SWIFT_STRICT_CONCURRENCY = complete;
				SWIFT_VERSION = 6.0;
				TARGETED_DEVICE_FAMILY = "1,2";
			};
			name = Debug;
		};
		E4DB59122D8E81D0009A20B2 /* Release */ = {
			isa = XCBuildConfiguration;
			buildSettings = {
				CODE_SIGN_ENTITLEMENTS = Shared/Entitlements.entitlements;
				CODE_SIGN_STYLE = Automatic;
				CURRENT_PROJECT_VERSION = 1;
				GENERATE_INFOPLIST_FILE = YES;
				INFOPLIST_FILE = "Extension/Info-ShareWithBromides.plist";
				INFOPLIST_KEY_CFBundleDisplayName = "Share with Bromides";
				IPHONEOS_DEPLOYMENT_TARGET = 18.0;
				LD_RUNPATH_SEARCH_PATHS = (
					"$(inherited)",
					"@executable_path/Frameworks",
					"@executable_path/../../Frameworks",
				);
				MACOSX_DEPLOYMENT_TARGET = 15.0;
				MARKETING_VERSION = 1.3.1;
				PRODUCT_BUNDLE_IDENTIFIER = "com.tsubuzaki.Bromides.Share-with-Bromides";
				PRODUCT_NAME = "$(TARGET_NAME)";
				REGISTER_APP_GROUPS = YES;
				SKIP_INSTALL = YES;
				SUPPORTED_PLATFORMS = "iphoneos iphonesimulator";
				SUPPORTS_MACCATALYST = YES;
				SUPPORTS_MAC_DESIGNED_FOR_IPHONE_IPAD = NO;
				SWIFT_EMIT_LOC_STRINGS = YES;
				SWIFT_STRICT_CONCURRENCY = complete;
				SWIFT_VERSION = 6.0;
				TARGETED_DEVICE_FAMILY = "1,2";
			};
			name = Release;
		};
/* End XCBuildConfiguration section */

/* Begin XCConfigurationList section */
		E4DAA9B82D904D2400BBF630 /* Build configuration list for PBXNativeTarget "Save to Album" */ = {
			isa = XCConfigurationList;
			buildConfigurations = (
				E4DAA9B92D904D2400BBF630 /* Debug */,
				E4DAA9BA2D904D2400BBF630 /* Release */,
			);
			defaultConfigurationIsVisible = 0;
			defaultConfigurationName = Release;
		};
		E4DB58D12D8E8146009A20B2 /* Build configuration list for PBXProject "Bromides" */ = {
			isa = XCConfigurationList;
			buildConfigurations = (
				E4DB58E22D8E8148009A20B2 /* Debug */,
				E4DB58E32D8E8148009A20B2 /* Release */,
			);
			defaultConfigurationIsVisible = 0;
			defaultConfigurationName = Release;
		};
		E4DB58E42D8E8148009A20B2 /* Build configuration list for PBXNativeTarget "Bromides" */ = {
			isa = XCConfigurationList;
			buildConfigurations = (
				E4DB58E52D8E8148009A20B2 /* Debug */,
				E4DB58E62D8E8148009A20B2 /* Release */,
			);
			defaultConfigurationIsVisible = 0;
			defaultConfigurationName = Release;
		};
		E4DB59102D8E81D0009A20B2 /* Build configuration list for PBXNativeTarget "Share with Bromides" */ = {
			isa = XCConfigurationList;
			buildConfigurations = (
				E4DB59112D8E81D0009A20B2 /* Debug */,
				E4DB59122D8E81D0009A20B2 /* Release */,
			);
			defaultConfigurationIsVisible = 0;
			defaultConfigurationName = Release;
		};
/* End XCConfigurationList section */

/* Begin XCRemoteSwiftPackageReference section */
		E4DB59572D8FE5FB009A20B2 /* XCRemoteSwiftPackageReference "Komponents" */ = {
			isa = XCRemoteSwiftPackageReference;
			repositoryURL = "https://github.com/katagaki/Komponents";
			requirement = {
				branch = main;
				kind = branch;
			};
		};
/* End XCRemoteSwiftPackageReference section */

/* Begin XCSwiftPackageProductDependency section */
		E4B68F082D997DFB00E02B68 /* Komponents */ = {
			isa = XCSwiftPackageProductDependency;
			package = E4DB59572D8FE5FB009A20B2 /* XCRemoteSwiftPackageReference "Komponents" */;
			productName = Komponents;
		};
		E4B68F0A2D997DFE00E02B68 /* Komponents */ = {
			isa = XCSwiftPackageProductDependency;
			package = E4DB59572D8FE5FB009A20B2 /* XCRemoteSwiftPackageReference "Komponents" */;
			productName = Komponents;
		};
		E4DB59582D8FE629009A20B2 /* Komponents */ = {
			isa = XCSwiftPackageProductDependency;
			package = E4DB59572D8FE5FB009A20B2 /* XCRemoteSwiftPackageReference "Komponents" */;
			productName = Komponents;
		};
/* End XCSwiftPackageProductDependency section */
	};
	rootObject = E4DB58CE2D8E8146009A20B2 /* Project object */;
}
